// !$*UTF8*$!
{
	archiveVersion = 1;
	classes = {
	};
	objectVersion = 56;
	objects = {

/* Begin PBXBuildFile section */
		2595FE862AE8EF34006C3EA9 /* AppDelegate.swift in Sources */ = {isa = PBXBuildFile; fileRef = 2595FE852AE8EF34006C3EA9 /* AppDelegate.swift */; };
		2595FE882AE8EF34006C3EA9 /* SceneDelegate.swift in Sources */ = {isa = PBXBuildFile; fileRef = 2595FE872AE8EF34006C3EA9 /* SceneDelegate.swift */; };
		2595FE8A2AE8EF34006C3EA9 /* ViewController.swift in Sources */ = {isa = PBXBuildFile; fileRef = 2595FE892AE8EF34006C3EA9 /* ViewController.swift */; };
		2595FE8D2AE8EF34006C3EA9 /* Main.storyboard in Resources */ = {isa = PBXBuildFile; fileRef = 2595FE8B2AE8EF34006C3EA9 /* Main.storyboard */; };
		2595FE8F2AE8EF37006C3EA9 /* Assets.xcassets in Resources */ = {isa = PBXBuildFile; fileRef = 2595FE8E2AE8EF37006C3EA9 /* Assets.xcassets */; };
		2595FE922AE8EF37006C3EA9 /* LaunchScreen.storyboard in Resources */ = {isa = PBXBuildFile; fileRef = 2595FE902AE8EF37006C3EA9 /* LaunchScreen.storyboard */; };
		2595FE9D2AE8EF37006C3EA9 /* Product1Minggu1Tests.swift in Sources */ = {isa = PBXBuildFile; fileRef = 2595FE9C2AE8EF37006C3EA9 /* Product1Minggu1Tests.swift */; };
		2595FEA72AE8EF37006C3EA9 /* Product1Minggu1UITests.swift in Sources */ = {isa = PBXBuildFile; fileRef = 2595FEA62AE8EF37006C3EA9 /* Product1Minggu1UITests.swift */; };
		2595FEA92AE8EF37006C3EA9 /* Product1Minggu1UITestsLaunchTests.swift in Sources */ = {isa = PBXBuildFile; fileRef = 2595FEA82AE8EF37006C3EA9 /* Product1Minggu1UITestsLaunchTests.swift */; };
/* End PBXBuildFile section */

/* Begin PBXContainerItemProxy section */
		2595FE992AE8EF37006C3EA9 /* PBXContainerItemProxy */ = {
			isa = PBXContainerItemProxy;
			containerPortal = 2595FE7A2AE8EF34006C3EA9 /* Project object */;
			proxyType = 1;
			remoteGlobalIDString = 2595FE812AE8EF34006C3EA9;
			remoteInfo = Product1Minggu1;
		};
		2595FEA32AE8EF37006C3EA9 /* PBXContainerItemProxy */ = {
			isa = PBXContainerItemProxy;
			containerPortal = 2595FE7A2AE8EF34006C3EA9 /* Project object */;
			proxyType = 1;
			remoteGlobalIDString = 2595FE812AE8EF34006C3EA9;
			remoteInfo = Product1Minggu1;
		};
/* End PBXContainerItemProxy section */

/* Begin PBXFileReference section */
		2595FE822AE8EF34006C3EA9 /* Product1Minggu1.app */ = {isa = PBXFileReference; explicitFileType = wrapper.application; includeInIndex = 0; path = Product1Minggu1.app; sourceTree = BUILT_PRODUCTS_DIR; };
		2595FE852AE8EF34006C3EA9 /* AppDelegate.swift */ = {isa = PBXFileReference; lastKnownFileType = sourcecode.swift; path = AppDelegate.swift; sourceTree = "<group>"; };
		2595FE872AE8EF34006C3EA9 /* SceneDelegate.swift */ = {isa = PBXFileReference; lastKnownFileType = sourcecode.swift; path = SceneDelegate.swift; sourceTree = "<group>"; };
		2595FE892AE8EF34006C3EA9 /* ViewController.swift */ = {isa = PBXFileReference; lastKnownFileType = sourcecode.swift; path = ViewController.swift; sourceTree = "<group>"; };
		2595FE8C2AE8EF34006C3EA9 /* Base */ = {isa = PBXFileReference; lastKnownFileType = file.storyboard; name = Base; path = Base.lproj/Main.storyboard; sourceTree = "<group>"; };
		2595FE8E2AE8EF37006C3EA9 /* Assets.xcassets */ = {isa = PBXFileReference; lastKnownFileType = folder.assetcatalog; path = Assets.xcassets; sourceTree = "<group>"; };
		2595FE912AE8EF37006C3EA9 /* Base */ = {isa = PBXFileReference; lastKnownFileType = file.storyboard; name = Base; path = Base.lproj/LaunchScreen.storyboard; sourceTree = "<group>"; };
		2595FE932AE8EF37006C3EA9 /* Info.plist */ = {isa = PBXFileReference; lastKnownFileType = text.plist.xml; path = Info.plist; sourceTree = "<group>"; };
		2595FE982AE8EF37006C3EA9 /* Product1Minggu1Tests.xctest */ = {isa = PBXFileReference; explicitFileType = wrapper.cfbundle; includeInIndex = 0; path = Product1Minggu1Tests.xctest; sourceTree = BUILT_PRODUCTS_DIR; };
		2595FE9C2AE8EF37006C3EA9 /* Product1Minggu1Tests.swift */ = {isa = PBXFileReference; lastKnownFileType = sourcecode.swift; path = Product1Minggu1Tests.swift; sourceTree = "<group>"; };
		2595FEA22AE8EF37006C3EA9 /* Product1Minggu1UITests.xctest */ = {isa = PBXFileReference; explicitFileType = wrapper.cfbundle; includeInIndex = 0; path = Product1Minggu1UITests.xctest; sourceTree = BUILT_PRODUCTS_DIR; };
		2595FEA62AE8EF37006C3EA9 /* Product1Minggu1UITests.swift */ = {isa = PBXFileReference; lastKnownFileType = sourcecode.swift; path = Product1Minggu1UITests.swift; sourceTree = "<group>"; };
		2595FEA82AE8EF37006C3EA9 /* Product1Minggu1UITestsLaunchTests.swift */ = {isa = PBXFileReference; lastKnownFileType = sourcecode.swift; path = Product1Minggu1UITestsLaunchTests.swift; sourceTree = "<group>"; };
/* End PBXFileReference section */

/* Begin PBXFrameworksBuildPhase section */
		2595FE7F2AE8EF34006C3EA9 /* Frameworks */ = {
			isa = PBXFrameworksBuildPhase;
			buildActionMask = 2147483647;
			files = (
			);
			runOnlyForDeploymentPostprocessing = 0;
		};
		2595FE952AE8EF37006C3EA9 /* Frameworks */ = {
			isa = PBXFrameworksBuildPhase;
			buildActionMask = 2147483647;
			files = (
			);
			runOnlyForDeploymentPostprocessing = 0;
		};
		2595FE9F2AE8EF37006C3EA9 /* Frameworks */ = {
			isa = PBXFrameworksBuildPhase;
			buildActionMask = 2147483647;
			files = (
			);
			runOnlyForDeploymentPostprocessing = 0;
		};
/* End PBXFrameworksBuildPhase section */

/* Begin PBXGroup section */
		2595FE792AE8EF34006C3EA9 = {
			isa = PBXGroup;
			children = (
				2595FE842AE8EF34006C3EA9 /* Product1Minggu1 */,
				2595FE9B2AE8EF37006C3EA9 /* Product1Minggu1Tests */,
				2595FEA52AE8EF37006C3EA9 /* Product1Minggu1UITests */,
				2595FE832AE8EF34006C3EA9 /* Products */,
			);
			sourceTree = "<group>";
		};
		2595FE832AE8EF34006C3EA9 /* Products */ = {
			isa = PBXGroup;
			children = (
				2595FE822AE8EF34006C3EA9 /* Product1Minggu1.app */,
				2595FE982AE8EF37006C3EA9 /* Product1Minggu1Tests.xctest */,
				2595FEA22AE8EF37006C3EA9 /* Product1Minggu1UITests.xctest */,
			);
			name = Products;
			sourceTree = "<group>";
		};
		2595FE842AE8EF34006C3EA9 /* Product1Minggu1 */ = {
			isa = PBXGroup;
			children = (
				2595FE852AE8EF34006C3EA9 /* AppDelegate.swift */,
				2595FE872AE8EF34006C3EA9 /* SceneDelegate.swift */,
				2595FE892AE8EF34006C3EA9 /* ViewController.swift */,
				2595FE8B2AE8EF34006C3EA9 /* Main.storyboard */,
				2595FE8E2AE8EF37006C3EA9 /* Assets.xcassets */,
				2595FE902AE8EF37006C3EA9 /* LaunchScreen.storyboard */,
				2595FE932AE8EF37006C3EA9 /* Info.plist */,
			);
			path = Product1Minggu1;
			sourceTree = "<group>";
		};
		2595FE9B2AE8EF37006C3EA9 /* Product1Minggu1Tests */ = {
			isa = PBXGroup;
			children = (
				2595FE9C2AE8EF37006C3EA9 /* Product1Minggu1Tests.swift */,
			);
			path = Product1Minggu1Tests;
			sourceTree = "<group>";
		};
		2595FEA52AE8EF37006C3EA9 /* Product1Minggu1UITests */ = {
			isa = PBXGroup;
			children = (
				2595FEA62AE8EF37006C3EA9 /* Product1Minggu1UITests.swift */,
				2595FEA82AE8EF37006C3EA9 /* Product1Minggu1UITestsLaunchTests.swift */,
			);
			path = Product1Minggu1UITests;
			sourceTree = "<group>";
		};
/* End PBXGroup section */

/* Begin PBXNativeTarget section */
		2595FE812AE8EF34006C3EA9 /* Product1Minggu1 */ = {
			isa = PBXNativeTarget;
			buildConfigurationList = 2595FEAC2AE8EF37006C3EA9 /* Build configuration list for PBXNativeTarget "Product1Minggu1" */;
			buildPhases = (
				2595FE7E2AE8EF34006C3EA9 /* Sources */,
				2595FE7F2AE8EF34006C3EA9 /* Frameworks */,
				2595FE802AE8EF34006C3EA9 /* Resources */,
			);
			buildRules = (
			);
			dependencies = (
			);
			name = Product1Minggu1;
			productName = Product1Minggu1;
			productReference = 2595FE822AE8EF34006C3EA9 /* Product1Minggu1.app */;
			productType = "com.apple.product-type.application";
		};
		2595FE972AE8EF37006C3EA9 /* Product1Minggu1Tests */ = {
			isa = PBXNativeTarget;
			buildConfigurationList = 2595FEAF2AE8EF37006C3EA9 /* Build configuration list for PBXNativeTarget "Product1Minggu1Tests" */;
			buildPhases = (
				2595FE942AE8EF37006C3EA9 /* Sources */,
				2595FE952AE8EF37006C3EA9 /* Frameworks */,
				2595FE962AE8EF37006C3EA9 /* Resources */,
			);
			buildRules = (
			);
			dependencies = (
				2595FE9A2AE8EF37006C3EA9 /* PBXTargetDependency */,
			);
			name = Product1Minggu1Tests;
			productName = Product1Minggu1Tests;
			productReference = 2595FE982AE8EF37006C3EA9 /* Product1Minggu1Tests.xctest */;
			productType = "com.apple.product-type.bundle.unit-test";
		};
		2595FEA12AE8EF37006C3EA9 /* Product1Minggu1UITests */ = {
			isa = PBXNativeTarget;
			buildConfigurationList = 2595FEB22AE8EF37006C3EA9 /* Build configuration list for PBXNativeTarget "Product1Minggu1UITests" */;
			buildPhases = (
				2595FE9E2AE8EF37006C3EA9 /* Sources */,
				2595FE9F2AE8EF37006C3EA9 /* Frameworks */,
				2595FEA02AE8EF37006C3EA9 /* Resources */,
			);
			buildRules = (
			);
			dependencies = (
				2595FEA42AE8EF37006C3EA9 /* PBXTargetDependency */,
			);
			name = Product1Minggu1UITests;
			productName = Product1Minggu1UITests;
			productReference = 2595FEA22AE8EF37006C3EA9 /* Product1Minggu1UITests.xctest */;
			productType = "com.apple.product-type.bundle.ui-testing";
		};
/* End PBXNativeTarget section */

/* Begin PBXProject section */
		2595FE7A2AE8EF34006C3EA9 /* Project object */ = {
			isa = PBXProject;
			attributes = {
				BuildIndependentTargetsInParallel = 1;
				LastSwiftUpdateCheck = 1500;
				LastUpgradeCheck = 1500;
				TargetAttributes = {
					2595FE812AE8EF34006C3EA9 = {
						CreatedOnToolsVersion = 15.0;
					};
					2595FE972AE8EF37006C3EA9 = {
						CreatedOnToolsVersion = 15.0;
						TestTargetID = 2595FE812AE8EF34006C3EA9;
					};
					2595FEA12AE8EF37006C3EA9 = {
						CreatedOnToolsVersion = 15.0;
						TestTargetID = 2595FE812AE8EF34006C3EA9;
					};
				};
			};
			buildConfigurationList = 2595FE7D2AE8EF34006C3EA9 /* Build configuration list for PBXProject "Product1Minggu1" */;
			compatibilityVersion = "Xcode 14.0";
			developmentRegion = en;
			hasScannedForEncodings = 0;
			knownRegions = (
				en,
				Base,
			);
			mainGroup = 2595FE792AE8EF34006C3EA9;
			productRefGroup = 2595FE832AE8EF34006C3EA9 /* Products */;
			projectDirPath = "";
			projectRoot = "";
			targets = (
				2595FE812AE8EF34006C3EA9 /* Product1Minggu1 */,
				2595FE972AE8EF37006C3EA9 /* Product1Minggu1Tests */,
				2595FEA12AE8EF37006C3EA9 /* Product1Minggu1UITests */,
			);
		};
/* End PBXProject section */

/* Begin PBXResourcesBuildPhase section */
		2595FE802AE8EF34006C3EA9 /* Resources */ = {
			isa = PBXResourcesBuildPhase;
			buildActionMask = 2147483647;
			files = (
				2595FE922AE8EF37006C3EA9 /* LaunchScreen.storyboard in Resources */,
				2595FE8F2AE8EF37006C3EA9 /* Assets.xcassets in Resources */,
				2595FE8D2AE8EF34006C3EA9 /* Main.storyboard in Resources */,
			);
			runOnlyForDeploymentPostprocessing = 0;
		};
		2595FE962AE8EF37006C3EA9 /* Resources */ = {
			isa = PBXResourcesBuildPhase;
			buildActionMask = 2147483647;
			files = (
			);
			runOnlyForDeploymentPostprocessing = 0;
		};
		2595FEA02AE8EF37006C3EA9 /* Resources */ = {
			isa = PBXResourcesBuildPhase;
			buildActionMask = 2147483647;
			files = (
			);
			runOnlyForDeploymentPostprocessing = 0;
		};
/* End PBXResourcesBuildPhase section */

/* Begin PBXSourcesBuildPhase section */
		2595FE7E2AE8EF34006C3EA9 /* Sources */ = {
			isa = PBXSourcesBuildPhase;
			buildActionMask = 2147483647;
			files = (
				2595FE8A2AE8EF34006C3EA9 /* ViewController.swift in Sources */,
				2595FE862AE8EF34006C3EA9 /* AppDelegate.swift in Sources */,
				2595FE882AE8EF34006C3EA9 /* SceneDelegate.swift in Sources */,
			);
			runOnlyForDeploymentPostprocessing = 0;
		};
		2595FE942AE8EF37006C3EA9 /* Sources */ = {
			isa = PBXSourcesBuildPhase;
			buildActionMask = 2147483647;
			files = (
				2595FE9D2AE8EF37006C3EA9 /* Product1Minggu1Tests.swift in Sources */,
			);
			runOnlyForDeploymentPostprocessing = 0;
		};
		2595FE9E2AE8EF37006C3EA9 /* Sources */ = {
			isa = PBXSourcesBuildPhase;
			buildActionMask = 2147483647;
			files = (
				2595FEA72AE8EF37006C3EA9 /* Product1Minggu1UITests.swift in Sources */,
				2595FEA92AE8EF37006C3EA9 /* Product1Minggu1UITestsLaunchTests.swift in Sources */,
			);
			runOnlyForDeploymentPostprocessing = 0;
		};
/* End PBXSourcesBuildPhase section */

/* Begin PBXTargetDependency section */
		2595FE9A2AE8EF37006C3EA9 /* PBXTargetDependency */ = {
			isa = PBXTargetDependency;
			target = 2595FE812AE8EF34006C3EA9 /* Product1Minggu1 */;
			targetProxy = 2595FE992AE8EF37006C3EA9 /* PBXContainerItemProxy */;
		};
		2595FEA42AE8EF37006C3EA9 /* PBXTargetDependency */ = {
			isa = PBXTargetDependency;
			target = 2595FE812AE8EF34006C3EA9 /* Product1Minggu1 */;
			targetProxy = 2595FEA32AE8EF37006C3EA9 /* PBXContainerItemProxy */;
		};
/* End PBXTargetDependency section */

/* Begin PBXVariantGroup section */
		2595FE8B2AE8EF34006C3EA9 /* Main.storyboard */ = {
			isa = PBXVariantGroup;
			children = (
				2595FE8C2AE8EF34006C3EA9 /* Base */,
			);
			name = Main.storyboard;
			sourceTree = "<group>";
		};
		2595FE902AE8EF37006C3EA9 /* LaunchScreen.storyboard */ = {
			isa = PBXVariantGroup;
			children = (
				2595FE912AE8EF37006C3EA9 /* Base */,
			);
			name = LaunchScreen.storyboard;
			sourceTree = "<group>";
		};
/* End PBXVariantGroup section */

/* Begin XCBuildConfiguration section */
		2595FEAA2AE8EF37006C3EA9 /* Debug */ = {
			isa = XCBuildConfiguration;
			buildSettings = {
				ALWAYS_SEARCH_USER_PATHS = NO;
				ASSETCATALOG_COMPILER_GENERATE_SWIFT_ASSET_SYMBOL_EXTENSIONS = YES;
				CLANG_ANALYZER_NONNULL = YES;
				CLANG_ANALYZER_NUMBER_OBJECT_CONVERSION = YES_AGGRESSIVE;
				CLANG_CXX_LANGUAGE_STANDARD = "gnu++20";
				CLANG_ENABLE_MODULES = YES;
				CLANG_ENABLE_OBJC_ARC = YES;
				CLANG_ENABLE_OBJC_WEAK = YES;
				CLANG_WARN_BLOCK_CAPTURE_AUTORELEASING = YES;
				CLANG_WARN_BOOL_CONVERSION = YES;
				CLANG_WARN_COMMA = YES;
				CLANG_WARN_CONSTANT_CONVERSION = YES;
				CLANG_WARN_DEPRECATED_OBJC_IMPLEMENTATIONS = YES;
				CLANG_WARN_DIRECT_OBJC_ISA_USAGE = YES_ERROR;
				CLANG_WARN_DOCUMENTATION_COMMENTS = YES;
				CLANG_WARN_EMPTY_BODY = YES;
				CLANG_WARN_ENUM_CONVERSION = YES;
				CLANG_WARN_INFINITE_RECURSION = YES;
				CLANG_WARN_INT_CONVERSION = YES;
				CLANG_WARN_NON_LITERAL_NULL_CONVERSION = YES;
				CLANG_WARN_OBJC_IMPLICIT_RETAIN_SELF = YES;
				CLANG_WARN_OBJC_LITERAL_CONVERSION = YES;
				CLANG_WARN_OBJC_ROOT_CLASS = YES_ERROR;
				CLANG_WARN_QUOTED_INCLUDE_IN_FRAMEWORK_HEADER = YES;
				CLANG_WARN_RANGE_LOOP_ANALYSIS = YES;
				CLANG_WARN_STRICT_PROTOTYPES = YES;
				CLANG_WARN_SUSPICIOUS_MOVE = YES;
				CLANG_WARN_UNGUARDED_AVAILABILITY = YES_AGGRESSIVE;
				CLANG_WARN_UNREACHABLE_CODE = YES;
				CLANG_WARN__DUPLICATE_METHOD_MATCH = YES;
				COPY_PHASE_STRIP = NO;
				DEBUG_INFORMATION_FORMAT = dwarf;
				ENABLE_STRICT_OBJC_MSGSEND = YES;
				ENABLE_TESTABILITY = YES;
				ENABLE_USER_SCRIPT_SANDBOXING = YES;
				GCC_C_LANGUAGE_STANDARD = gnu17;
				GCC_DYNAMIC_NO_PIC = NO;
				GCC_NO_COMMON_BLOCKS = YES;
				GCC_OPTIMIZATION_LEVEL = 0;
				GCC_PREPROCESSOR_DEFINITIONS = (
					"DEBUG=1",
					"$(inherited)",
				);
				GCC_WARN_64_TO_32_BIT_CONVERSION = YES;
				GCC_WARN_ABOUT_RETURN_TYPE = YES_ERROR;
				GCC_WARN_UNDECLARED_SELECTOR = YES;
				GCC_WARN_UNINITIALIZED_AUTOS = YES_AGGRESSIVE;
				GCC_WARN_UNUSED_FUNCTION = YES;
				GCC_WARN_UNUSED_VARIABLE = YES;
				IPHONEOS_DEPLOYMENT_TARGET = 17.0;
				LOCALIZATION_PREFERS_STRING_CATALOGS = YES;
				MTL_ENABLE_DEBUG_INFO = INCLUDE_SOURCE;
				MTL_FAST_MATH = YES;
				ONLY_ACTIVE_ARCH = YES;
				SDKROOT = iphoneos;
				SWIFT_ACTIVE_COMPILATION_CONDITIONS = "DEBUG $(inherited)";
				SWIFT_OPTIMIZATION_LEVEL = "-Onone";
			};
			name = Debug;
		};
		2595FEAB2AE8EF37006C3EA9 /* Release */ = {
			isa = XCBuildConfiguration;
			buildSettings = {
				ALWAYS_SEARCH_USER_PATHS = NO;
				ASSETCATALOG_COMPILER_GENERATE_SWIFT_ASSET_SYMBOL_EXTENSIONS = YES;
				CLANG_ANALYZER_NONNULL = YES;
				CLANG_ANALYZER_NUMBER_OBJECT_CONVERSION = YES_AGGRESSIVE;
				CLANG_CXX_LANGUAGE_STANDARD = "gnu++20";
				CLANG_ENABLE_MODULES = YES;
				CLANG_ENABLE_OBJC_ARC = YES;
				CLANG_ENABLE_OBJC_WEAK = YES;
				CLANG_WARN_BLOCK_CAPTURE_AUTORELEASING = YES;
				CLANG_WARN_BOOL_CONVERSION = YES;
				CLANG_WARN_COMMA = YES;
				CLANG_WARN_CONSTANT_CONVERSION = YES;
				CLANG_WARN_DEPRECATED_OBJC_IMPLEMENTATIONS = YES;
				CLANG_WARN_DIRECT_OBJC_ISA_USAGE = YES_ERROR;
				CLANG_WARN_DOCUMENTATION_COMMENTS = YES;
				CLANG_WARN_EMPTY_BODY = YES;
				CLANG_WARN_ENUM_CONVERSION = YES;
				CLANG_WARN_INFINITE_RECURSION = YES;
				CLANG_WARN_INT_CONVERSION = YES;
				CLANG_WARN_NON_LITERAL_NULL_CONVERSION = YES;
				CLANG_WARN_OBJC_IMPLICIT_RETAIN_SELF = YES;
				CLANG_WARN_OBJC_LITERAL_CONVERSION = YES;
				CLANG_WARN_OBJC_ROOT_CLASS = YES_ERROR;
				CLANG_WARN_QUOTED_INCLUDE_IN_FRAMEWORK_HEADER = YES;
				CLANG_WARN_RANGE_LOOP_ANALYSIS = YES;
				CLANG_WARN_STRICT_PROTOTYPES = YES;
				CLANG_WARN_SUSPICIOUS_MOVE = YES;
				CLANG_WARN_UNGUARDED_AVAILABILITY = YES_AGGRESSIVE;
				CLANG_WARN_UNREACHABLE_CODE = YES;
				CLANG_WARN__DUPLICATE_METHOD_MATCH = YES;
				COPY_PHASE_STRIP = NO;
				DEBUG_INFORMATION_FORMAT = "dwarf-with-dsym";
				ENABLE_NS_ASSERTIONS = NO;
				ENABLE_STRICT_OBJC_MSGSEND = YES;
				ENABLE_USER_SCRIPT_SANDBOXING = YES;
				GCC_C_LANGUAGE_STANDARD = gnu17;
				GCC_NO_COMMON_BLOCKS = YES;
				GCC_WARN_64_TO_32_BIT_CONVERSION = YES;
				GCC_WARN_ABOUT_RETURN_TYPE = YES_ERROR;
				GCC_WARN_UNDECLARED_SELECTOR = YES;
				GCC_WARN_UNINITIALIZED_AUTOS = YES_AGGRESSIVE;
				GCC_WARN_UNUSED_FUNCTION = YES;
				GCC_WARN_UNUSED_VARIABLE = YES;
				IPHONEOS_DEPLOYMENT_TARGET = 17.0;
				LOCALIZATION_PREFERS_STRING_CATALOGS = YES;
				MTL_ENABLE_DEBUG_INFO = NO;
				MTL_FAST_MATH = YES;
				SDKROOT = iphoneos;
				SWIFT_COMPILATION_MODE = wholemodule;
				VALIDATE_PRODUCT = YES;
			};
			name = Release;
		};
		2595FEAD2AE8EF37006C3EA9 /* Debug */ = {
			isa = XCBuildConfiguration;
			buildSettings = {
				ASSETCATALOG_COMPILER_APPICON_NAME = AppIcon;
				ASSETCATALOG_COMPILER_GLOBAL_ACCENT_COLOR_NAME = AccentColor;
				CODE_SIGN_STYLE = Automatic;
				CURRENT_PROJECT_VERSION = 1;
				DEVELOPMENT_TEAM = QHWS6Y2JRB;
				GENERATE_INFOPLIST_FILE = YES;
				INFOPLIST_FILE = Product1Minggu1/Info.plist;
				INFOPLIST_KEY_UIApplicationSupportsIndirectInputEvents = YES;
				INFOPLIST_KEY_UILaunchStoryboardName = LaunchScreen;
				INFOPLIST_KEY_UIMainStoryboardFile = Main;
				INFOPLIST_KEY_UISupportedInterfaceOrientations_iPad = "UIInterfaceOrientationPortrait UIInterfaceOrientationPortraitUpsideDown UIInterfaceOrientationLandscapeLeft UIInterfaceOrientationLandscapeRight";
				INFOPLIST_KEY_UISupportedInterfaceOrientations_iPhone = "UIInterfaceOrientationPortrait UIInterfaceOrientationLandscapeLeft UIInterfaceOrientationLandscapeRight";
				LD_RUNPATH_SEARCH_PATHS = (
					"$(inherited)",
					"@executable_path/Frameworks",
				);
				MARKETING_VERSION = 1.0;
				PRODUCT_BUNDLE_IDENTIFIER = rizkyeky.Product1Minggu1;
				PRODUCT_NAME = "$(TARGET_NAME)";
				SWIFT_EMIT_LOC_STRINGS = YES;
				SWIFT_VERSION = 5.0;
				TARGETED_DEVICE_FAMILY = "1,2";
			};
			name = Debug;
		};
		2595FEAE2AE8EF37006C3EA9 /* Release */ = {
			isa = XCBuildConfiguration;
			buildSettings = {
				ASSETCATALOG_COMPILER_APPICON_NAME = AppIcon;
				ASSETCATALOG_COMPILER_GLOBAL_ACCENT_COLOR_NAME = AccentColor;
				CODE_SIGN_STYLE = Automatic;
				CURRENT_PROJECT_VERSION = 1;
				DEVELOPMENT_TEAM = QHWS6Y2JRB;
				GENERATE_INFOPLIST_FILE = YES;
				INFOPLIST_FILE = Product1Minggu1/Info.plist;
				INFOPLIST_KEY_UIApplicationSupportsIndirectInputEvents = YES;
				INFOPLIST_KEY_UILaunchStoryboardName = LaunchScreen;
				INFOPLIST_KEY_UIMainStoryboardFile = Main;
				INFOPLIST_KEY_UISupportedInterfaceOrientations_iPad = "UIInterfaceOrientationPortrait UIInterfaceOrientationPortraitUpsideDown UIInterfaceOrientationLandscapeLeft UIInterfaceOrientationLandscapeRight";
				INFOPLIST_KEY_UISupportedInterfaceOrientations_iPhone = "UIInterfaceOrientationPortrait UIInterfaceOrientationLandscapeLeft UIInterfaceOrientationLandscapeRight";
				LD_RUNPATH_SEARCH_PATHS = (
					"$(inherited)",
					"@executable_path/Frameworks",
				);
				MARKETING_VERSION = 1.0;
				PRODUCT_BUNDLE_IDENTIFIER = rizkyeky.Product1Minggu1;
				PRODUCT_NAME = "$(TARGET_NAME)";
				SWIFT_EMIT_LOC_STRINGS = YES;
				SWIFT_VERSION = 5.0;
				TARGETED_DEVICE_FAMILY = "1,2";
			};
			name = Release;
		};
		2595FEB02AE8EF37006C3EA9 /* Debug */ = {
			isa = XCBuildConfiguration;
			buildSettings = {
				ALWAYS_EMBED_SWIFT_STANDARD_LIBRARIES = YES;
				BUNDLE_LOADER = "$(TEST_HOST)";
				CODE_SIGN_STYLE = Automatic;
				CURRENT_PROJECT_VERSION = 1;
				DEVELOPMENT_TEAM = QHWS6Y2JRB;
				GENERATE_INFOPLIST_FILE = YES;
				IPHONEOS_DEPLOYMENT_TARGET = 17.0;
				MARKETING_VERSION = 1.0;
				PRODUCT_BUNDLE_IDENTIFIER = rizkyeky.Product1Minggu1Tests;
				PRODUCT_NAME = "$(TARGET_NAME)";
				SWIFT_EMIT_LOC_STRINGS = NO;
				SWIFT_VERSION = 5.0;
				TARGETED_DEVICE_FAMILY = "1,2";
				TEST_HOST = "$(BUILT_PRODUCTS_DIR)/Product1Minggu1.app/$(BUNDLE_EXECUTABLE_FOLDER_PATH)/Product1Minggu1";
			};
			name = Debug;
		};
		2595FEB12AE8EF37006C3EA9 /* Release */ = {
			isa = XCBuildConfiguration;
			buildSettings = {
				ALWAYS_EMBED_SWIFT_STANDARD_LIBRARIES = YES;
				BUNDLE_LOADER = "$(TEST_HOST)";
				CODE_SIGN_STYLE = Automatic;
				CURRENT_PROJECT_VERSION = 1;
				DEVELOPMENT_TEAM = QHWS6Y2JRB;
				GENERATE_INFOPLIST_FILE = YES;
				IPHONEOS_DEPLOYMENT_TARGET = 17.0;
				MARKETING_VERSION = 1.0;
				PRODUCT_BUNDLE_IDENTIFIER = rizkyeky.Product1Minggu1Tests;
				PRODUCT_NAME = "$(TARGET_NAME)";
				SWIFT_EMIT_LOC_STRINGS = NO;
				SWIFT_VERSION = 5.0;
				TARGETED_DEVICE_FAMILY = "1,2";
				TEST_HOST = "$(BUILT_PRODUCTS_DIR)/Product1Minggu1.app/$(BUNDLE_EXECUTABLE_FOLDER_PATH)/Product1Minggu1";
			};
			name = Release;
		};
		2595FEB32AE8EF37006C3EA9 /* Debug */ = {
			isa = XCBuildConfiguration;
			buildSettings = {
				ALWAYS_EMBED_SWIFT_STANDARD_LIBRARIES = YES;
				CODE_SIGN_STYLE = Automatic;
				CURRENT_PROJECT_VERSION = 1;
				DEVELOPMENT_TEAM = QHWS6Y2JRB;
				GENERATE_INFOPLIST_FILE = YES;
				MARKETING_VERSION = 1.0;
				PRODUCT_BUNDLE_IDENTIFIER = rizkyeky.Product1Minggu1UITests;
				PRODUCT_NAME = "$(TARGET_NAME)";
				SWIFT_EMIT_LOC_STRINGS = NO;
				SWIFT_VERSION = 5.0;
				TARGETED_DEVICE_FAMILY = "1,2";
				TEST_TARGET_NAME = Product1Minggu1;
			};
			name = Debug;
		};
		2595FEB42AE8EF37006C3EA9 /* Release */ = {
			isa = XCBuildConfiguration;
			buildSettings = {
				ALWAYS_EMBED_SWIFT_STANDARD_LIBRARIES = YES;
				CODE_SIGN_STYLE = Automatic;
				CURRENT_PROJECT_VERSION = 1;
				DEVELOPMENT_TEAM = QHWS6Y2JRB;
				GENERATE_INFOPLIST_FILE = YES;
				MARKETING_VERSION = 1.0;
				PRODUCT_BUNDLE_IDENTIFIER = rizkyeky.Product1Minggu1UITests;
				PRODUCT_NAME = "$(TARGET_NAME)";
				SWIFT_EMIT_LOC_STRINGS = NO;
				SWIFT_VERSION = 5.0;
				TARGETED_DEVICE_FAMILY = "1,2";
				TEST_TARGET_NAME = Product1Minggu1;
			};
			name = Release;
		};
/* End XCBuildConfiguration section */

/* Begin XCConfigurationList section */
		2595FE7D2AE8EF34006C3EA9 /* Build configuration list for PBXProject "Product1Minggu1" */ = {
			isa = XCConfigurationList;
			buildConfigurations = (
				2595FEAA2AE8EF37006C3EA9 /* Debug */,
				2595FEAB2AE8EF37006C3EA9 /* Release */,
			);
			defaultConfigurationIsVisible = 0;
			defaultConfigurationName = Release;
		};
		2595FEAC2AE8EF37006C3EA9 /* Build configuration list for PBXNativeTarget "Product1Minggu1" */ = {
			isa = XCConfigurationList;
			buildConfigurations = (
				2595FEAD2AE8EF37006C3EA9 /* Debug */,
				2595FEAE2AE8EF37006C3EA9 /* Release */,
			);
			defaultConfigurationIsVisible = 0;
			defaultConfigurationName = Release;
		};
		2595FEAF2AE8EF37006C3EA9 /* Build configuration list for PBXNativeTarget "Product1Minggu1Tests" */ = {
			isa = XCConfigurationList;
			buildConfigurations = (
				2595FEB02AE8EF37006C3EA9 /* Debug */,
				2595FEB12AE8EF37006C3EA9 /* Release */,
			);
			defaultConfigurationIsVisible = 0;
			defaultConfigurationName = Release;
		};
		2595FEB22AE8EF37006C3EA9 /* Build configuration list for PBXNativeTarget "Product1Minggu1UITests" */ = {
			isa = XCConfigurationList;
			buildConfigurations = (
				2595FEB32AE8EF37006C3EA9 /* Debug */,
				2595FEB42AE8EF37006C3EA9 /* Release */,
			);
			defaultConfigurationIsVisible = 0;
			defaultConfigurationName = Release;
		};
/* End XCConfigurationList section */
	};
	rootObject = 2595FE7A2AE8EF34006C3EA9 /* Project object */;
}
