PODS:
  - Alamofire (5.8.1)
  - CenteredCollectionView (2.2.2)
  - FloatingPanel (2.8.0)
  - Kingfisher (7.10.0)
  - lottie-ios (4.3.3)
  - netfox (1.21.0)
  - RxCocoa (6.6.0):
    - RxRelay (= 6.6.0)
    - RxSwift (= 6.6.0)
  - RxRelay (6.6.0):
    - RxSwift (= 6.6.0)
  - RxSwift (6.6.0)
  - SkeletonView (1.30.4)
  - SnapKit (5.6.0)
  - SVProgressHUD (2.3.1):
    - SVProgressHUD/Core (= 2.3.1)
  - SVProgressHUD/Core (2.3.1)
  - Swinject (2.8.3)
  - ToastViewSwift (2.0.0)

DEPENDENCIES:
  - Alamofire
  - CenteredCollectionView
  - FloatingPanel
  - Kingfisher
  - lottie-ios
  - netfox
  - RxCocoa
  - RxSwift
  - SkeletonView
  - SnapKit
  - SVProgressHUD
  - Swinject
  - ToastViewSwift

SPEC REPOS:
  trunk:
    - Alamofire
    - CenteredCollectionView
    - FloatingPanel
    - Kingfisher
    - lottie-ios
    - netfox
    - RxCocoa
    - RxRelay
    - RxSwift
    - SkeletonView
    - SnapKit
    - SVProgressHUD
    - Swinject
    - ToastViewSwift

SPEC CHECKSUMS:
  Alamofire: 3ca42e259043ee0dc5c0cdd76c4bc568b8e42af7
  CenteredCollectionView: a9217908a698c386cbb98af11b596da48900b908
  FloatingPanel: f585be005983e66f8f4932f93ca46bf9f09dae3a
  Kingfisher: a18f05d3b6d37d8650ee4a3e61d57a28fc6207f6
  lottie-ios: 25e7b2675dad5c3ddad369ac9baab03560c5bfdd
  netfox: 9d5cc727fe7576c4c7688a2504618a156b7d44b7
  RxCocoa: 44a80de90e25b739b5aeaae3c8c371a32e3343cc
  RxRelay: 45eaa5db8ee4fb50e5ebd57deec0159e97fa51e6
  RxSwift: a4b44f7d24599f674deebd1818eab82e58410632
  SkeletonView: 5a050f6411e697abd4cda0a8d767013399dccd69
  SnapKit: e01d52ebb8ddbc333eefe2132acf85c8227d9c25
  SVProgressHUD: 4837c74bdfe2e51e8821c397825996a8d7de6e22
  Swinject: 893c9a543000ac2f10ee4cbaf0933c6992c935d5
  ToastViewSwift: db710ad3c19c826269d004038c7b69f5b658dc6f

PODFILE CHECKSUM: 6f490cb4857e73ac7a014f1d7d70ff82dc55ac49

COCOAPODS: 1.14.2
